// !$*UTF8*$!
{
	archiveVersion = 1;
	classes = {
	};
	objectVersion = 50;
	objects = {

/* Begin PBXBuildFile section */
		BEA2A9C2250A99EF007F3156 /* AppDelegate.swift in Sources */ = {isa = PBXBuildFile; fileRef = BEA2A9C1250A99EF007F3156 /* AppDelegate.swift */; };
		BEA2A9C4250A99EF007F3156 /* SceneDelegate.swift in Sources */ = {isa = PBXBuildFile; fileRef = BEA2A9C3250A99EF007F3156 /* SceneDelegate.swift */; };
		BEA2A9C6250A99EF007F3156 /* ViewController.swift in Sources */ = {isa = PBXBuildFile; fileRef = BEA2A9C5250A99EF007F3156 /* ViewController.swift */; };
		BEA2A9C9250A99EF007F3156 /* Main.storyboard in Resources */ = {isa = PBXBuildFile; fileRef = BEA2A9C7250A99EF007F3156 /* Main.storyboard */; };
		BEA2A9CB250A99F3007F3156 /* Assets.xcassets in Resources */ = {isa = PBXBuildFile; fileRef = BEA2A9CA250A99F3007F3156 /* Assets.xcassets */; };
		BEA2A9CE250A99F3007F3156 /* LaunchScreen.storyboard in Resources */ = {isa = PBXBuildFile; fileRef = BEA2A9CC250A99F3007F3156 /* LaunchScreen.storyboard */; };
		BEA2A9D6250AAE9D007F3156 /* start.txt in Resources */ = {isa = PBXBuildFile; fileRef = BEA2A9D5250AAE9D007F3156 /* start.txt */; };
/* End PBXBuildFile section */

/* Begin PBXFileReference section */
		BEA2A9BE250A99EF007F3156 /* HWS - Project 5 Word Scramble.app */ = {isa = PBXFileReference; explicitFileType = wrapper.application; includeInIndex = 0; path = "HWS - Project 5 Word Scramble.app"; sourceTree = BUILT_PRODUCTS_DIR; };
		BEA2A9C1250A99EF007F3156 /* AppDelegate.swift */ = {isa = PBXFileReference; lastKnownFileType = sourcecode.swift; path = AppDelegate.swift; sourceTree = "<group>"; };
		BEA2A9C3250A99EF007F3156 /* SceneDelegate.swift */ = {isa = PBXFileReference; lastKnownFileType = sourcecode.swift; path = SceneDelegate.swift; sourceTree = "<group>"; };
		BEA2A9C5250A99EF007F3156 /* ViewController.swift */ = {isa = PBXFileReference; lastKnownFileType = sourcecode.swift; path = ViewController.swift; sourceTree = "<group>"; };
		BEA2A9C8250A99EF007F3156 /* Base */ = {isa = PBXFileReference; lastKnownFileType = file.storyboard; name = Base; path = Base.lproj/Main.storyboard; sourceTree = "<group>"; };
		BEA2A9CA250A99F3007F3156 /* Assets.xcassets */ = {isa = PBXFileReference; lastKnownFileType = folder.assetcatalog; path = Assets.xcassets; sourceTree = "<group>"; };
		BEA2A9CD250A99F3007F3156 /* Base */ = {isa = PBXFileReference; lastKnownFileType = file.storyboard; name = Base; path = Base.lproj/LaunchScreen.storyboard; sourceTree = "<group>"; };
		BEA2A9CF250A99F3007F3156 /* Info.plist */ = {isa = PBXFileReference; lastKnownFileType = text.plist.xml; path = Info.plist; sourceTree = "<group>"; };
		BEA2A9D5250AAE9D007F3156 /* start.txt */ = {isa = PBXFileReference; fileEncoding = 4; lastKnownFileType = text; path = start.txt; sourceTree = "<group>"; };
/* End PBXFileReference section */

/* Begin PBXFrameworksBuildPhase section */
		BEA2A9BB250A99EF007F3156 /* Frameworks */ = {
			isa = PBXFrameworksBuildPhase;
			buildActionMask = 2147483647;
			files = (
			);
			runOnlyForDeploymentPostprocessing = 0;
		};
/* End PBXFrameworksBuildPhase section */

/* Begin PBXGroup section */
		BEA2A9B5250A99EF007F3156 = {
			isa = PBXGroup;
			children = (
				BEA2A9C0250A99EF007F3156 /* HWS - Project 5 Word Scramble */,
				BEA2A9BF250A99EF007F3156 /* Products */,
			);
			sourceTree = "<group>";
		};
		BEA2A9BF250A99EF007F3156 /* Products */ = {
			isa = PBXGroup;
			children = (
				BEA2A9BE250A99EF007F3156 /* HWS - Project 5 Word Scramble.app */,
			);
			name = Products;
			sourceTree = "<group>";
		};
		BEA2A9C0250A99EF007F3156 /* HWS - Project 5 Word Scramble */ = {
			isa = PBXGroup;
			children = (
				BEA2A9C1250A99EF007F3156 /* AppDelegate.swift */,
				BEA2A9C3250A99EF007F3156 /* SceneDelegate.swift */,
				BEA2A9C5250A99EF007F3156 /* ViewController.swift */,
				BEA2A9C7250A99EF007F3156 /* Main.storyboard */,
				BEA2A9CA250A99F3007F3156 /* Assets.xcassets */,
				BEA2A9CC250A99F3007F3156 /* LaunchScreen.storyboard */,
				BEA2A9CF250A99F3007F3156 /* Info.plist */,
				BEA2A9D5250AAE9D007F3156 /* start.txt */,
			);
			path = "HWS - Project 5 Word Scramble";
			sourceTree = "<group>";
		};
/* End PBXGroup section */

/* Begin PBXNativeTarget section */
		BEA2A9BD250A99EF007F3156 /* HWS - Project 5 Word Scramble */ = {
			isa = PBXNativeTarget;
			buildConfigurationList = BEA2A9D2250A99F3007F3156 /* Build configuration list for PBXNativeTarget "HWS - Project 5 Word Scramble" */;
			buildPhases = (
				BEA2A9BA250A99EF007F3156 /* Sources */,
				BEA2A9BB250A99EF007F3156 /* Frameworks */,
				BEA2A9BC250A99EF007F3156 /* Resources */,
			);
			buildRules = (
			);
			dependencies = (
			);
			name = "HWS - Project 5 Word Scramble";
			productName = "HWS - Project 5 Word Scramble";
			productReference = BEA2A9BE250A99EF007F3156 /* HWS - Project 5 Word Scramble.app */;
			productType = "com.apple.product-type.application";
		};
/* End PBXNativeTarget section */

/* Begin PBXProject section */
		BEA2A9B6250A99EF007F3156 /* Project object */ = {
			isa = PBXProject;
			attributes = {
				LastSwiftUpdateCheck = 1170;
				LastUpgradeCheck = 1200;
				ORGANIZATIONNAME = "Bochkarov Valentyn";
				TargetAttributes = {
					BEA2A9BD250A99EF007F3156 = {
						CreatedOnToolsVersion = 11.7;
					};
				};
			};
			buildConfigurationList = BEA2A9B9250A99EF007F3156 /* Build configuration list for PBXProject "HWS - Project 5 Word Scramble" */;
			compatibilityVersion = "Xcode 9.3";
			developmentRegion = en;
			hasScannedForEncodings = 0;
			knownRegions = (
				en,
				Base,
			);
			mainGroup = BEA2A9B5250A99EF007F3156;
			productRefGroup = BEA2A9BF250A99EF007F3156 /* Products */;
			projectDirPath = "";
			projectRoot = "";
			targets = (
				BEA2A9BD250A99EF007F3156 /* HWS - Project 5 Word Scramble */,
			);
		};
/* End PBXProject section */

/* Begin PBXResourcesBuildPhase section */
		BEA2A9BC250A99EF007F3156 /* Resources */ = {
			isa = PBXResourcesBuildPhase;
			buildActionMask = 2147483647;
			files = (
				BEA2A9CE250A99F3007F3156 /* LaunchScreen.storyboard in Resources */,
				BEA2A9D6250AAE9D007F3156 /* start.txt in Resources */,
				BEA2A9CB250A99F3007F3156 /* Assets.xcassets in Resources */,
				BEA2A9C9250A99EF007F3156 /* Main.storyboard in Resources */,
			);
			runOnlyForDeploymentPostprocessing = 0;
		};
/* End PBXResourcesBuildPhase section */

/* Begin PBXSourcesBuildPhase section */
		BEA2A9BA250A99EF007F3156 /* Sources */ = {
			isa = PBXSourcesBuildPhase;
			buildActionMask = 2147483647;
			files = (
				BEA2A9C6250A99EF007F3156 /* ViewController.swift in Sources */,
				BEA2A9C2250A99EF007F3156 /* AppDelegate.swift in Sources */,
				BEA2A9C4250A99EF007F3156 /* SceneDelegate.swift in Sources */,
			);
			runOnlyForDeploymentPostprocessing = 0;
		};
/* End PBXSourcesBuildPhase section */

/* Begin PBXVariantGroup section */
		BEA2A9C7250A99EF007F3156 /* Main.storyboard */ = {
			isa = PBXVariantGroup;
			children = (
				BEA2A9C8250A99EF007F3156 /* Base */,
			);
			name = Main.storyboard;
			sourceTree = "<group>";
		};
		BEA2A9CC250A99F3007F3156 /* LaunchScreen.storyboard */ = {
			isa = PBXVariantGroup;
			children = (
				BEA2A9CD250A99F3007F3156 /* Base */,
			);
			name = LaunchScreen.storyboard;
			sourceTree = "<group>";
		};
/* End PBXVariantGroup section */

/* Begin XCBuildConfiguration section */
		BEA2A9D0250A99F3007F3156 /* Debug */ = {
			isa = XCBuildConfiguration;
			buildSettings = {
				ALWAYS_SEARCH_USER_PATHS = NO;
				CLANG_ANALYZER_NONNULL = YES;
				CLANG_ANALYZER_NUMBER_OBJECT_CONVERSION = YES_AGGRESSIVE;
				CLANG_CXX_LANGUAGE_STANDARD = "gnu++14";
				CLANG_CXX_LIBRARY = "libc++";
				CLANG_ENABLE_MODULES = YES;
				CLANG_ENABLE_OBJC_ARC = YES;
				CLANG_ENABLE_OBJC_WEAK = YES;
				CLANG_WARN_BLOCK_CAPTURE_AUTORELEASING = YES;
				CLANG_WARN_BOOL_CONVERSION = YES;
				CLANG_WARN_COMMA = YES;
				CLANG_WARN_CONSTANT_CONVERSION = YES;
				CLANG_WARN_DEPRECATED_OBJC_IMPLEMENTATIONS = YES;
				CLANG_WARN_DIRECT_OBJC_ISA_USAGE = YES_ERROR;
				CLANG_WARN_DOCUMENTATION_COMMENTS = YES;
				CLANG_WARN_EMPTY_BODY = YES;
				CLANG_WARN_ENUM_CONVERSION = YES;
				CLANG_WARN_INFINITE_RECURSION = YES;
				CLANG_WARN_INT_CONVERSION = YES;
				CLANG_WARN_NON_LITERAL_NULL_CONVERSION = YES;
				CLANG_WARN_OBJC_IMPLICIT_RETAIN_SELF = YES;
				CLANG_WARN_OBJC_LITERAL_CONVERSION = YES;
				CLANG_WARN_OBJC_ROOT_CLASS = YES_ERROR;
				CLANG_WARN_QUOTED_INCLUDE_IN_FRAMEWORK_HEADER = YES;
				CLANG_WARN_RANGE_LOOP_ANALYSIS = YES;
				CLANG_WARN_STRICT_PROTOTYPES = YES;
				CLANG_WARN_SUSPICIOUS_MOVE = YES;
				CLANG_WARN_UNGUARDED_AVAILABILITY = YES_AGGRESSIVE;
				CLANG_WARN_UNREACHABLE_CODE = YES;
				CLANG_WARN__DUPLICATE_METHOD_MATCH = YES;
				COPY_PHASE_STRIP = NO;
				DEBUG_INFORMATION_FORMAT = dwarf;
				ENABLE_STRICT_OBJC_MSGSEND = YES;
				ENABLE_TESTABILITY = YES;
				GCC_C_LANGUAGE_STANDARD = gnu11;
				GCC_DYNAMIC_NO_PIC = NO;
				GCC_NO_COMMON_BLOCKS = YES;
				GCC_OPTIMIZATION_LEVEL = 0;
				GCC_PREPROCESSOR_DEFINITIONS = (
					"DEBUG=1",
					"$(inherited)",
				);
				GCC_WARN_64_TO_32_BIT_CONVERSION = YES;
				GCC_WARN_ABOUT_RETURN_TYPE = YES_ERROR;
				GCC_WARN_UNDECLARED_SELECTOR = YES;
				GCC_WARN_UNINITIALIZED_AUTOS = YES_AGGRESSIVE;
				GCC_WARN_UNUSED_FUNCTION = YES;
				GCC_WARN_UNUSED_VARIABLE = YES;
				IPHONEOS_DEPLOYMENT_TARGET = 13.7;
				MTL_ENABLE_DEBUG_INFO = INCLUDE_SOURCE;
				MTL_FAST_MATH = YES;
				ONLY_ACTIVE_ARCH = YES;
				SDKROOT = iphoneos;
				SWIFT_ACTIVE_COMPILATION_CONDITIONS = DEBUG;
				SWIFT_OPTIMIZATION_LEVEL = "-Onone";
			};
			name = Debug;
		};
		BEA2A9D1250A99F3007F3156 /* Release */ = {
			isa = XCBuildConfiguration;
			buildSettings = {
				ALWAYS_SEARCH_USER_PATHS = NO;
				CLANG_ANALYZER_NONNULL = YES;
				CLANG_ANALYZER_NUMBER_OBJECT_CONVERSION = YES_AGGRESSIVE;
				CLANG_CXX_LANGUAGE_STANDARD = "gnu++14";
				CLANG_CXX_LIBRARY = "libc++";
				CLANG_ENABLE_MODULES = YES;
				CLANG_ENABLE_OBJC_ARC = YES;
				CLANG_ENABLE_OBJC_WEAK = YES;
				CLANG_WARN_BLOCK_CAPTURE_AUTORELEASING = YES;
				CLANG_WARN_BOOL_CONVERSION = YES;
				CLANG_WARN_COMMA = YES;
				CLANG_WARN_CONSTANT_CONVERSION = YES;
				CLANG_WARN_DEPRECATED_OBJC_IMPLEMENTATIONS = YES;
				CLANG_WARN_DIRECT_OBJC_ISA_USAGE = YES_ERROR;
				CLANG_WARN_DOCUMENTATION_COMMENTS = YES;
				CLANG_WARN_EMPTY_BODY = YES;
				CLANG_WARN_ENUM_CONVERSION = YES;
				CLANG_WARN_INFINITE_RECURSION = YES;
				CLANG_WARN_INT_CONVERSION = YES;
				CLANG_WARN_NON_LITERAL_NULL_CONVERSION = YES;
				CLANG_WARN_OBJC_IMPLICIT_RETAIN_SELF = YES;
				CLANG_WARN_OBJC_LITERAL_CONVERSION = YES;
				CLANG_WARN_OBJC_ROOT_CLASS = YES_ERROR;
				CLANG_WARN_QUOTED_INCLUDE_IN_FRAMEWORK_HEADER = YES;
				CLANG_WARN_RANGE_LOOP_ANALYSIS = YES;
				CLANG_WARN_STRICT_PROTOTYPES = YES;
				CLANG_WARN_SUSPICIOUS_MOVE = YES;
				CLANG_WARN_UNGUARDED_AVAILABILITY = YES_AGGRESSIVE;
				CLANG_WARN_UNREACHABLE_CODE = YES;
				CLANG_WARN__DUPLICATE_METHOD_MATCH = YES;
				COPY_PHASE_STRIP = NO;
				DEBUG_INFORMATION_FORMAT = "dwarf-with-dsym";
				ENABLE_NS_ASSERTIONS = NO;
				ENABLE_STRICT_OBJC_MSGSEND = YES;
				GCC_C_LANGUAGE_STANDARD = gnu11;
				GCC_NO_COMMON_BLOCKS = YES;
				GCC_WARN_64_TO_32_BIT_CONVERSION = YES;
				GCC_WARN_ABOUT_RETURN_TYPE = YES_ERROR;
				GCC_WARN_UNDECLARED_SELECTOR = YES;
				GCC_WARN_UNINITIALIZED_AUTOS = YES_AGGRESSIVE;
				GCC_WARN_UNUSED_FUNCTION = YES;
				GCC_WARN_UNUSED_VARIABLE = YES;
				IPHONEOS_DEPLOYMENT_TARGET = 13.7;
				MTL_ENABLE_DEBUG_INFO = NO;
				MTL_FAST_MATH = YES;
				SDKROOT = iphoneos;
				SWIFT_COMPILATION_MODE = wholemodule;
				SWIFT_OPTIMIZATION_LEVEL = "-O";
				VALIDATE_PRODUCT = YES;
			};
			name = Release;
		};
		BEA2A9D3250A99F3007F3156 /* Debug */ = {
			isa = XCBuildConfiguration;
			buildSettings = {
				ASSETCATALOG_COMPILER_APPICON_NAME = AppIcon;
				CODE_SIGN_STYLE = Automatic;
				DEVELOPMENT_TEAM = VGASMDNUX4;
				INFOPLIST_FILE = "HWS - Project 5 Word Scramble/Info.plist";
				LD_RUNPATH_SEARCH_PATHS = (
					"$(inherited)",
					"@executable_path/Frameworks",
				);
				PRODUCT_BUNDLE_IDENTIFIER = "valentinindigo.HWS---Project-5-Word-Scramble";
				PRODUCT_NAME = "$(TARGET_NAME)";
				SWIFT_VERSION = 5.0;
				TARGETED_DEVICE_FAMILY = "1,2";
			};
			name = Debug;
		};
		BEA2A9D4250A99F3007F3156 /* Release */ = {
			isa = XCBuildConfiguration;
			buildSettings = {
				ASSETCATALOG_COMPILER_APPICON_NAME = AppIcon;
				CODE_SIGN_STYLE = Automatic;
				DEVELOPMENT_TEAM = VGASMDNUX4;
				INFOPLIST_FILE = "HWS - Project 5 Word Scramble/Info.plist";
				LD_RUNPATH_SEARCH_PATHS = (
					"$(inherited)",
					"@executable_path/Frameworks",
				);
				PRODUCT_BUNDLE_IDENTIFIER = "valentinindigo.HWS---Project-5-Word-Scramble";
				PRODUCT_NAME = "$(TARGET_NAME)";
				SWIFT_VERSION = 5.0;
				TARGETED_DEVICE_FAMILY = "1,2";
			};
			name = Release;
		};
/* End XCBuildConfiguration section */

/* Begin XCConfigurationList section */
		BEA2A9B9250A99EF007F3156 /* Build configuration list for PBXProject "HWS - Project 5 Word Scramble" */ = {
			isa = XCConfigurationList;
			buildConfigurations = (
				BEA2A9D0250A99F3007F3156 /* Debug */,
				BEA2A9D1250A99F3007F3156 /* Release */,
			);
			defaultConfigurationIsVisible = 0;
			defaultConfigurationName = Release;
		};
		BEA2A9D2250A99F3007F3156 /* Build configuration list for PBXNativeTarget "HWS - Project 5 Word Scramble" */ = {
			isa = XCConfigurationList;
			buildConfigurations = (
				BEA2A9D3250A99F3007F3156 /* Debug */,
				BEA2A9D4250A99F3007F3156 /* Release */,
			);
			defaultConfigurationIsVisible = 0;
			defaultConfigurationName = Release;
		};
/* End XCConfigurationList section */
	};
	rootObject = BEA2A9B6250A99EF007F3156 /* Project object */;
}
